
Microsoft Visual Studio Solution File, Format Version 12.00
# Visual Studio Version 17
VisualStudioVersion = 17.5.002.0
MinimumVisualStudioVersion = 10.0.40219.1
Project("{9A19103F-16F7-4668-BE54-9A1E7A4F7556}") = "tests", "tests\tests.csproj", "{A196A208-8871-48F3-99BB-381314AA97A8}"
EndProject
Project("{9A19103F-16F7-4668-BE54-9A1E7A4F7556}") = "src", "src\Console\src.csproj", "{F1A3FFEF-0F76-492E-96DD-31B337B54D20}"
EndProject
Project("{2150E333-8FDC-42A3-9474-1A3956D46DE8}") = "src/Console", "src\Console", "{B5B8D4C1-12A5-4867-B68B-479911B1A718}"
EndProject
Project("{2150E333-8FDC-42A3-9474-1A3956D46DE8}") = "src", "src", "{0DDF03F2-F8BA-4CCA-9063-61D95ADD7ED7}"
EndProject
Project("{FAE04EC0-301F-11D3-BF4B-00C04F79EFBC}") = "Library", "src\Library\Library.csproj", "{BA44375E-F5C0-4922-BE3A-EF80DA6A8F4D}"
EndProject
Global
	GlobalSection(SolutionConfigurationPlatforms) = preSolution
		Debug|Any CPU = Debug|Any CPU
		Release|Any CPU = Release|Any CPU
	EndGlobalSection
	GlobalSection(ProjectConfigurationPlatforms) = postSolution
		{A196A208-8871-48F3-99BB-381314AA97A8}.Debug|Any CPU.ActiveCfg = Debug|Any CPU
		{A196A208-8871-48F3-99BB-381314AA97A8}.Debug|Any CPU.Build.0 = Debug|Any CPU
		{A196A208-8871-48F3-99BB-381314AA97A8}.Release|Any CPU.ActiveCfg = Release|Any CPU
		{A196A208-8871-48F3-99BB-381314AA97A8}.Release|Any CPU.Build.0 = Release|Any CPU
		{F1A3FFEF-0F76-492E-96DD-31B337B54D20}.Debug|Any CPU.ActiveCfg = Debug|Any CPU
		{F1A3FFEF-0F76-492E-96DD-31B337B54D20}.Debug|Any CPU.Build.0 = Debug|Any CPU
		{F1A3FFEF-0F76-492E-96DD-31B337B54D20}.Release|Any CPU.ActiveCfg = Release|Any CPU
		{F1A3FFEF-0F76-492E-96DD-31B337B54D20}.Release|Any CPU.Build.0 = Release|Any CPU
		{BA44375E-F5C0-4922-BE3A-EF80DA6A8F4D}.Debug|Any CPU.ActiveCfg = Debug|Any CPU
		{BA44375E-F5C0-4922-BE3A-EF80DA6A8F4D}.Debug|Any CPU.Build.0 = Debug|Any CPU
		{BA44375E-F5C0-4922-BE3A-EF80DA6A8F4D}.Release|Any CPU.ActiveCfg = Release|Any CPU
		{BA44375E-F5C0-4922-BE3A-EF80DA6A8F4D}.Release|Any CPU.Build.0 = Release|Any CPU
	EndGlobalSection
	GlobalSection(SolutionProperties) = preSolution
		HideSolutionNode = FALSE
	EndGlobalSection
	GlobalSection(ExtensibilityGlobals) = postSolution
		SolutionGuid = {25A06883-27E2-438E-9415-BF5E053F1CDD}
	EndGlobalSection
	GlobalSection(NestedProjects) = preSolution
		{F1A3FFEF-0F76-492E-96DD-31B337B54D20} = {B5B8D4C1-12A5-4867-B68B-479911B1A718}
		{BA44375E-F5C0-4922-BE3A-EF80DA6A8F4D} = {0DDF03F2-F8BA-4CCA-9063-61D95ADD7ED7}
	EndGlobalSection
EndGlobal
